// !$*UTF8*$!
{
	archiveVersion = 1;
	classes = {
	};
	objectVersion = 56;
	objects = {

/* Begin PBXBuildFile section */
		945D9120299CCE840054047A /* AppDelegate.swift in Sources */ = {isa = PBXBuildFile; fileRef = 945D911F299CCE840054047A /* AppDelegate.swift */; };
		945D9122299CCE840054047A /* SceneDelegate.swift in Sources */ = {isa = PBXBuildFile; fileRef = 945D9121299CCE840054047A /* SceneDelegate.swift */; };
		945D9124299CCE840054047A /* ThemeCollectionViewController.swift in Sources */ = {isa = PBXBuildFile; fileRef = 945D9123299CCE840054047A /* ThemeCollectionViewController.swift */; };
		945D9129299CCE850054047A /* Assets.xcassets in Resources */ = {isa = PBXBuildFile; fileRef = 945D9128299CCE850054047A /* Assets.xcassets */; };
		945D912C299CCE850054047A /* LaunchScreen.storyboard in Resources */ = {isa = PBXBuildFile; fileRef = 945D912A299CCE850054047A /* LaunchScreen.storyboard */; };
		945D9137299CCE850054047A /* MaqalTests.swift in Sources */ = {isa = PBXBuildFile; fileRef = 945D9136299CCE850054047A /* MaqalTests.swift */; };
		945D9141299CCE850054047A /* MaqalUITests.swift in Sources */ = {isa = PBXBuildFile; fileRef = 945D9140299CCE850054047A /* MaqalUITests.swift */; };
		945D9143299CCE850054047A /* MaqalUITestsLaunchTests.swift in Sources */ = {isa = PBXBuildFile; fileRef = 945D9142299CCE850054047A /* MaqalUITestsLaunchTests.swift */; };
		945D9150299CCE9D0054047A /* .gitignore in Resources */ = {isa = PBXBuildFile; fileRef = 945D914F299CCE9D0054047A /* .gitignore */; };
		945D9156299CD49F0054047A /* SnapKit in Frameworks */ = {isa = PBXBuildFile; productRef = 945D9155299CD49F0054047A /* SnapKit */; };
		945D9158299CD5EC0054047A /* ThemeCollectionViewCell.swift in Sources */ = {isa = PBXBuildFile; fileRef = 945D9157299CD5EC0054047A /* ThemeCollectionViewCell.swift */; };
/* End PBXBuildFile section */

/* Begin PBXContainerItemProxy section */
		945D9133299CCE850054047A /* PBXContainerItemProxy */ = {
			isa = PBXContainerItemProxy;
			containerPortal = 945D9114299CCE840054047A /* Project object */;
			proxyType = 1;
			remoteGlobalIDString = 945D911B299CCE840054047A;
			remoteInfo = Maqal;
		};
		945D913D299CCE850054047A /* PBXContainerItemProxy */ = {
			isa = PBXContainerItemProxy;
			containerPortal = 945D9114299CCE840054047A /* Project object */;
			proxyType = 1;
			remoteGlobalIDString = 945D911B299CCE840054047A;
			remoteInfo = Maqal;
		};
/* End PBXContainerItemProxy section */

/* Begin PBXFileReference section */
		945D911C299CCE840054047A /* Maqal.app */ = {isa = PBXFileReference; explicitFileType = wrapper.application; includeInIndex = 0; path = Maqal.app; sourceTree = BUILT_PRODUCTS_DIR; };
		945D911F299CCE840054047A /* AppDelegate.swift */ = {isa = PBXFileReference; lastKnownFileType = sourcecode.swift; path = AppDelegate.swift; sourceTree = "<group>"; };
		945D9121299CCE840054047A /* SceneDelegate.swift */ = {isa = PBXFileReference; lastKnownFileType = sourcecode.swift; path = SceneDelegate.swift; sourceTree = "<group>"; };
		945D9123299CCE840054047A /* ThemeCollectionViewController.swift */ = {isa = PBXFileReference; lastKnownFileType = sourcecode.swift; path = ThemeCollectionViewController.swift; sourceTree = "<group>"; };
		945D9128299CCE850054047A /* Assets.xcassets */ = {isa = PBXFileReference; lastKnownFileType = folder.assetcatalog; path = Assets.xcassets; sourceTree = "<group>"; };
		945D912B299CCE850054047A /* Base */ = {isa = PBXFileReference; lastKnownFileType = file.storyboard; name = Base; path = Base.lproj/LaunchScreen.storyboard; sourceTree = "<group>"; };
		945D912D299CCE850054047A /* Info.plist */ = {isa = PBXFileReference; lastKnownFileType = text.plist.xml; path = Info.plist; sourceTree = "<group>"; };
		945D9132299CCE850054047A /* MaqalTests.xctest */ = {isa = PBXFileReference; explicitFileType = wrapper.cfbundle; includeInIndex = 0; path = MaqalTests.xctest; sourceTree = BUILT_PRODUCTS_DIR; };
		945D9136299CCE850054047A /* MaqalTests.swift */ = {isa = PBXFileReference; lastKnownFileType = sourcecode.swift; path = MaqalTests.swift; sourceTree = "<group>"; };
		945D913C299CCE850054047A /* MaqalUITests.xctest */ = {isa = PBXFileReference; explicitFileType = wrapper.cfbundle; includeInIndex = 0; path = MaqalUITests.xctest; sourceTree = BUILT_PRODUCTS_DIR; };
		945D9140299CCE850054047A /* MaqalUITests.swift */ = {isa = PBXFileReference; lastKnownFileType = sourcecode.swift; path = MaqalUITests.swift; sourceTree = "<group>"; };
		945D9142299CCE850054047A /* MaqalUITestsLaunchTests.swift */ = {isa = PBXFileReference; lastKnownFileType = sourcecode.swift; path = MaqalUITestsLaunchTests.swift; sourceTree = "<group>"; };
		945D914F299CCE9D0054047A /* .gitignore */ = {isa = PBXFileReference; lastKnownFileType = text; path = .gitignore; sourceTree = "<group>"; };
		945D9157299CD5EC0054047A /* ThemeCollectionViewCell.swift */ = {isa = PBXFileReference; lastKnownFileType = sourcecode.swift; path = ThemeCollectionViewCell.swift; sourceTree = "<group>"; };
/* End PBXFileReference section */

/* Begin PBXFrameworksBuildPhase section */
		945D9119299CCE840054047A /* Frameworks */ = {
			isa = PBXFrameworksBuildPhase;
			buildActionMask = 2147483647;
			files = (
				945D9156299CD49F0054047A /* SnapKit in Frameworks */,
			);
			runOnlyForDeploymentPostprocessing = 0;
		};
		945D912F299CCE850054047A /* Frameworks */ = {
			isa = PBXFrameworksBuildPhase;
			buildActionMask = 2147483647;
			files = (
			);
			runOnlyForDeploymentPostprocessing = 0;
		};
		945D9139299CCE850054047A /* Frameworks */ = {
			isa = PBXFrameworksBuildPhase;
			buildActionMask = 2147483647;
			files = (
			);
			runOnlyForDeploymentPostprocessing = 0;
		};
/* End PBXFrameworksBuildPhase section */

/* Begin PBXGroup section */
		945D9113299CCE840054047A = {
			isa = PBXGroup;
			children = (
				945D914F299CCE9D0054047A /* .gitignore */,
				945D911E299CCE840054047A /* Maqal */,
				945D9135299CCE850054047A /* MaqalTests */,
				945D913F299CCE850054047A /* MaqalUITests */,
				945D911D299CCE840054047A /* Products */,
			);
			sourceTree = "<group>";
		};
		945D911D299CCE840054047A /* Products */ = {
			isa = PBXGroup;
			children = (
				945D911C299CCE840054047A /* Maqal.app */,
				945D9132299CCE850054047A /* MaqalTests.xctest */,
				945D913C299CCE850054047A /* MaqalUITests.xctest */,
			);
			name = Products;
			sourceTree = "<group>";
		};
		945D911E299CCE840054047A /* Maqal */ = {
			isa = PBXGroup;
			children = (
				945D9153299CCEC10054047A /* Controller */,
				945D9151299CCEA30054047A /* View */,
				945D9152299CCEB10054047A /* Support files */,
			);
			path = Maqal;
			sourceTree = "<group>";
		};
		945D9135299CCE850054047A /* MaqalTests */ = {
			isa = PBXGroup;
			children = (
				945D9136299CCE850054047A /* MaqalTests.swift */,
			);
			path = MaqalTests;
			sourceTree = "<group>";
		};
		945D913F299CCE850054047A /* MaqalUITests */ = {
			isa = PBXGroup;
			children = (
				945D9140299CCE850054047A /* MaqalUITests.swift */,
				945D9142299CCE850054047A /* MaqalUITestsLaunchTests.swift */,
			);
			path = MaqalUITests;
			sourceTree = "<group>";
		};
		945D9151299CCEA30054047A /* View */ = {
			isa = PBXGroup;
			children = (
				945D9157299CD5EC0054047A /* ThemeCollectionViewCell.swift */,
				945D912A299CCE850054047A /* LaunchScreen.storyboard */,
			);
			path = View;
			sourceTree = "<group>";
		};
		945D9152299CCEB10054047A /* Support files */ = {
			isa = PBXGroup;
			children = (
				945D911F299CCE840054047A /* AppDelegate.swift */,
				945D9121299CCE840054047A /* SceneDelegate.swift */,
				945D9128299CCE850054047A /* Assets.xcassets */,
				945D912D299CCE850054047A /* Info.plist */,
			);
			path = "Support files";
			sourceTree = "<group>";
		};
		945D9153299CCEC10054047A /* Controller */ = {
			isa = PBXGroup;
			children = (
				945D9123299CCE840054047A /* ThemeCollectionViewController.swift */,
			);
			path = Controller;
			sourceTree = "<group>";
		};
/* End PBXGroup section */

/* Begin PBXNativeTarget section */
		945D911B299CCE840054047A /* Maqal */ = {
			isa = PBXNativeTarget;
			buildConfigurationList = 945D9146299CCE850054047A /* Build configuration list for PBXNativeTarget "Maqal" */;
			buildPhases = (
				945D9118299CCE840054047A /* Sources */,
				945D9119299CCE840054047A /* Frameworks */,
				945D911A299CCE840054047A /* Resources */,
			);
			buildRules = (
			);
			dependencies = (
			);
			name = Maqal;
			packageProductDependencies = (
				945D9155299CD49F0054047A /* SnapKit */,
			);
			productName = Maqal;
			productReference = 945D911C299CCE840054047A /* Maqal.app */;
			productType = "com.apple.product-type.application";
		};
		945D9131299CCE850054047A /* MaqalTests */ = {
			isa = PBXNativeTarget;
			buildConfigurationList = 945D9149299CCE850054047A /* Build configuration list for PBXNativeTarget "MaqalTests" */;
			buildPhases = (
				945D912E299CCE850054047A /* Sources */,
				945D912F299CCE850054047A /* Frameworks */,
				945D9130299CCE850054047A /* Resources */,
			);
			buildRules = (
			);
			dependencies = (
				945D9134299CCE850054047A /* PBXTargetDependency */,
			);
			name = MaqalTests;
			productName = MaqalTests;
			productReference = 945D9132299CCE850054047A /* MaqalTests.xctest */;
			productType = "com.apple.product-type.bundle.unit-test";
		};
		945D913B299CCE850054047A /* MaqalUITests */ = {
			isa = PBXNativeTarget;
			buildConfigurationList = 945D914C299CCE850054047A /* Build configuration list for PBXNativeTarget "MaqalUITests" */;
			buildPhases = (
				945D9138299CCE850054047A /* Sources */,
				945D9139299CCE850054047A /* Frameworks */,
				945D913A299CCE850054047A /* Resources */,
			);
			buildRules = (
			);
			dependencies = (
				945D913E299CCE850054047A /* PBXTargetDependency */,
			);
			name = MaqalUITests;
			productName = MaqalUITests;
			productReference = 945D913C299CCE850054047A /* MaqalUITests.xctest */;
			productType = "com.apple.product-type.bundle.ui-testing";
		};
/* End PBXNativeTarget section */

/* Begin PBXProject section */
		945D9114299CCE840054047A /* Project object */ = {
			isa = PBXProject;
			attributes = {
				BuildIndependentTargetsInParallel = 1;
				LastSwiftUpdateCheck = 1420;
				LastUpgradeCheck = 1420;
				TargetAttributes = {
					945D911B299CCE840054047A = {
						CreatedOnToolsVersion = 14.2;
					};
					945D9131299CCE850054047A = {
						CreatedOnToolsVersion = 14.2;
						TestTargetID = 945D911B299CCE840054047A;
					};
					945D913B299CCE850054047A = {
						CreatedOnToolsVersion = 14.2;
						TestTargetID = 945D911B299CCE840054047A;
					};
				};
			};
			buildConfigurationList = 945D9117299CCE840054047A /* Build configuration list for PBXProject "Maqal" */;
			compatibilityVersion = "Xcode 14.0";
			developmentRegion = en;
			hasScannedForEncodings = 0;
			knownRegions = (
				en,
				Base,
			);
			mainGroup = 945D9113299CCE840054047A;
			packageReferences = (
				945D9154299CD49F0054047A /* XCRemoteSwiftPackageReference "SnapKit" */,
			);
			productRefGroup = 945D911D299CCE840054047A /* Products */;
			projectDirPath = "";
			projectRoot = "";
			targets = (
				945D911B299CCE840054047A /* Maqal */,
				945D9131299CCE850054047A /* MaqalTests */,
				945D913B299CCE850054047A /* MaqalUITests */,
			);
		};
/* End PBXProject section */

/* Begin PBXResourcesBuildPhase section */
		945D911A299CCE840054047A /* Resources */ = {
			isa = PBXResourcesBuildPhase;
			buildActionMask = 2147483647;
			files = (
				945D9150299CCE9D0054047A /* .gitignore in Resources */,
				945D912C299CCE850054047A /* LaunchScreen.storyboard in Resources */,
				945D9129299CCE850054047A /* Assets.xcassets in Resources */,
			);
			runOnlyForDeploymentPostprocessing = 0;
		};
		945D9130299CCE850054047A /* Resources */ = {
			isa = PBXResourcesBuildPhase;
			buildActionMask = 2147483647;
			files = (
			);
			runOnlyForDeploymentPostprocessing = 0;
		};
		945D913A299CCE850054047A /* Resources */ = {
			isa = PBXResourcesBuildPhase;
			buildActionMask = 2147483647;
			files = (
			);
			runOnlyForDeploymentPostprocessing = 0;
		};
/* End PBXResourcesBuildPhase section */

/* Begin PBXSourcesBuildPhase section */
		945D9118299CCE840054047A /* Sources */ = {
			isa = PBXSourcesBuildPhase;
			buildActionMask = 2147483647;
			files = (
				945D9124299CCE840054047A /* ThemeCollectionViewController.swift in Sources */,
				945D9120299CCE840054047A /* AppDelegate.swift in Sources */,
				945D9158299CD5EC0054047A /* ThemeCollectionViewCell.swift in Sources */,
				945D9122299CCE840054047A /* SceneDelegate.swift in Sources */,
			);
			runOnlyForDeploymentPostprocessing = 0;
		};
		945D912E299CCE850054047A /* Sources */ = {
			isa = PBXSourcesBuildPhase;
			buildActionMask = 2147483647;
			files = (
				945D9137299CCE850054047A /* MaqalTests.swift in Sources */,
			);
			runOnlyForDeploymentPostprocessing = 0;
		};
		945D9138299CCE850054047A /* Sources */ = {
			isa = PBXSourcesBuildPhase;
			buildActionMask = 2147483647;
			files = (
				945D9141299CCE850054047A /* MaqalUITests.swift in Sources */,
				945D9143299CCE850054047A /* MaqalUITestsLaunchTests.swift in Sources */,
			);
			runOnlyForDeploymentPostprocessing = 0;
		};
/* End PBXSourcesBuildPhase section */

/* Begin PBXTargetDependency section */
		945D9134299CCE850054047A /* PBXTargetDependency */ = {
			isa = PBXTargetDependency;
			target = 945D911B299CCE840054047A /* Maqal */;
			targetProxy = 945D9133299CCE850054047A /* PBXContainerItemProxy */;
		};
		945D913E299CCE850054047A /* PBXTargetDependency */ = {
			isa = PBXTargetDependency;
			target = 945D911B299CCE840054047A /* Maqal */;
			targetProxy = 945D913D299CCE850054047A /* PBXContainerItemProxy */;
		};
/* End PBXTargetDependency section */

/* Begin PBXVariantGroup section */
		945D912A299CCE850054047A /* LaunchScreen.storyboard */ = {
			isa = PBXVariantGroup;
			children = (
				945D912B299CCE850054047A /* Base */,
			);
			name = LaunchScreen.storyboard;
			sourceTree = "<group>";
		};
/* End PBXVariantGroup section */

/* Begin XCBuildConfiguration section */
		945D9144299CCE850054047A /* Debug */ = {
			isa = XCBuildConfiguration;
			buildSettings = {
				ALWAYS_SEARCH_USER_PATHS = NO;
				CLANG_ANALYZER_NONNULL = YES;
				CLANG_ANALYZER_NUMBER_OBJECT_CONVERSION = YES_AGGRESSIVE;
				CLANG_CXX_LANGUAGE_STANDARD = "gnu++20";
				CLANG_ENABLE_MODULES = YES;
				CLANG_ENABLE_OBJC_ARC = YES;
				CLANG_ENABLE_OBJC_WEAK = YES;
				CLANG_WARN_BLOCK_CAPTURE_AUTORELEASING = YES;
				CLANG_WARN_BOOL_CONVERSION = YES;
				CLANG_WARN_COMMA = YES;
				CLANG_WARN_CONSTANT_CONVERSION = YES;
				CLANG_WARN_DEPRECATED_OBJC_IMPLEMENTATIONS = YES;
				CLANG_WARN_DIRECT_OBJC_ISA_USAGE = YES_ERROR;
				CLANG_WARN_DOCUMENTATION_COMMENTS = YES;
				CLANG_WARN_EMPTY_BODY = YES;
				CLANG_WARN_ENUM_CONVERSION = YES;
				CLANG_WARN_INFINITE_RECURSION = YES;
				CLANG_WARN_INT_CONVERSION = YES;
				CLANG_WARN_NON_LITERAL_NULL_CONVERSION = YES;
				CLANG_WARN_OBJC_IMPLICIT_RETAIN_SELF = YES;
				CLANG_WARN_OBJC_LITERAL_CONVERSION = YES;
				CLANG_WARN_OBJC_ROOT_CLASS = YES_ERROR;
				CLANG_WARN_QUOTED_INCLUDE_IN_FRAMEWORK_HEADER = YES;
				CLANG_WARN_RANGE_LOOP_ANALYSIS = YES;
				CLANG_WARN_STRICT_PROTOTYPES = YES;
				CLANG_WARN_SUSPICIOUS_MOVE = YES;
				CLANG_WARN_UNGUARDED_AVAILABILITY = YES_AGGRESSIVE;
				CLANG_WARN_UNREACHABLE_CODE = YES;
				CLANG_WARN__DUPLICATE_METHOD_MATCH = YES;
				COPY_PHASE_STRIP = NO;
				DEBUG_INFORMATION_FORMAT = dwarf;
				ENABLE_STRICT_OBJC_MSGSEND = YES;
				ENABLE_TESTABILITY = YES;
				GCC_C_LANGUAGE_STANDARD = gnu11;
				GCC_DYNAMIC_NO_PIC = NO;
				GCC_NO_COMMON_BLOCKS = YES;
				GCC_OPTIMIZATION_LEVEL = 0;
				GCC_PREPROCESSOR_DEFINITIONS = (
					"DEBUG=1",
					"$(inherited)",
				);
				GCC_WARN_64_TO_32_BIT_CONVERSION = YES;
				GCC_WARN_ABOUT_RETURN_TYPE = YES_ERROR;
				GCC_WARN_UNDECLARED_SELECTOR = YES;
				GCC_WARN_UNINITIALIZED_AUTOS = YES_AGGRESSIVE;
				GCC_WARN_UNUSED_FUNCTION = YES;
				GCC_WARN_UNUSED_VARIABLE = YES;
				IPHONEOS_DEPLOYMENT_TARGET = 16.2;
				MTL_ENABLE_DEBUG_INFO = INCLUDE_SOURCE;
				MTL_FAST_MATH = YES;
				ONLY_ACTIVE_ARCH = YES;
				SDKROOT = iphoneos;
				SWIFT_ACTIVE_COMPILATION_CONDITIONS = DEBUG;
				SWIFT_OPTIMIZATION_LEVEL = "-Onone";
			};
			name = Debug;
		};
		945D9145299CCE850054047A /* Release */ = {
			isa = XCBuildConfiguration;
			buildSettings = {
				ALWAYS_SEARCH_USER_PATHS = NO;
				CLANG_ANALYZER_NONNULL = YES;
				CLANG_ANALYZER_NUMBER_OBJECT_CONVERSION = YES_AGGRESSIVE;
				CLANG_CXX_LANGUAGE_STANDARD = "gnu++20";
				CLANG_ENABLE_MODULES = YES;
				CLANG_ENABLE_OBJC_ARC = YES;
				CLANG_ENABLE_OBJC_WEAK = YES;
				CLANG_WARN_BLOCK_CAPTURE_AUTORELEASING = YES;
				CLANG_WARN_BOOL_CONVERSION = YES;
				CLANG_WARN_COMMA = YES;
				CLANG_WARN_CONSTANT_CONVERSION = YES;
				CLANG_WARN_DEPRECATED_OBJC_IMPLEMENTATIONS = YES;
				CLANG_WARN_DIRECT_OBJC_ISA_USAGE = YES_ERROR;
				CLANG_WARN_DOCUMENTATION_COMMENTS = YES;
				CLANG_WARN_EMPTY_BODY = YES;
				CLANG_WARN_ENUM_CONVERSION = YES;
				CLANG_WARN_INFINITE_RECURSION = YES;
				CLANG_WARN_INT_CONVERSION = YES;
				CLANG_WARN_NON_LITERAL_NULL_CONVERSION = YES;
				CLANG_WARN_OBJC_IMPLICIT_RETAIN_SELF = YES;
				CLANG_WARN_OBJC_LITERAL_CONVERSION = YES;
				CLANG_WARN_OBJC_ROOT_CLASS = YES_ERROR;
				CLANG_WARN_QUOTED_INCLUDE_IN_FRAMEWORK_HEADER = YES;
				CLANG_WARN_RANGE_LOOP_ANALYSIS = YES;
				CLANG_WARN_STRICT_PROTOTYPES = YES;
				CLANG_WARN_SUSPICIOUS_MOVE = YES;
				CLANG_WARN_UNGUARDED_AVAILABILITY = YES_AGGRESSIVE;
				CLANG_WARN_UNREACHABLE_CODE = YES;
				CLANG_WARN__DUPLICATE_METHOD_MATCH = YES;
				COPY_PHASE_STRIP = NO;
				DEBUG_INFORMATION_FORMAT = "dwarf-with-dsym";
				ENABLE_NS_ASSERTIONS = NO;
				ENABLE_STRICT_OBJC_MSGSEND = YES;
				GCC_C_LANGUAGE_STANDARD = gnu11;
				GCC_NO_COMMON_BLOCKS = YES;
				GCC_WARN_64_TO_32_BIT_CONVERSION = YES;
				GCC_WARN_ABOUT_RETURN_TYPE = YES_ERROR;
				GCC_WARN_UNDECLARED_SELECTOR = YES;
				GCC_WARN_UNINITIALIZED_AUTOS = YES_AGGRESSIVE;
				GCC_WARN_UNUSED_FUNCTION = YES;
				GCC_WARN_UNUSED_VARIABLE = YES;
				IPHONEOS_DEPLOYMENT_TARGET = 16.2;
				MTL_ENABLE_DEBUG_INFO = NO;
				MTL_FAST_MATH = YES;
				SDKROOT = iphoneos;
				SWIFT_COMPILATION_MODE = wholemodule;
				SWIFT_OPTIMIZATION_LEVEL = "-O";
				VALIDATE_PRODUCT = YES;
			};
			name = Release;
		};
		945D9147299CCE850054047A /* Debug */ = {
			isa = XCBuildConfiguration;
			buildSettings = {
				ASSETCATALOG_COMPILER_APPICON_NAME = AppIcon;
				ASSETCATALOG_COMPILER_GLOBAL_ACCENT_COLOR_NAME = AccentColor;
				CODE_SIGN_STYLE = Automatic;
				CURRENT_PROJECT_VERSION = 1;
				GENERATE_INFOPLIST_FILE = YES;
				INFOPLIST_FILE = "Maqal/Support files/Info.plist";
				INFOPLIST_KEY_UIApplicationSupportsIndirectInputEvents = YES;
				INFOPLIST_KEY_UILaunchStoryboardName = LaunchScreen;
				INFOPLIST_KEY_UISupportedInterfaceOrientations_iPad = "UIInterfaceOrientationPortrait UIInterfaceOrientationPortraitUpsideDown UIInterfaceOrientationLandscapeLeft UIInterfaceOrientationLandscapeRight";
				INFOPLIST_KEY_UISupportedInterfaceOrientations_iPhone = "UIInterfaceOrientationPortrait UIInterfaceOrientationLandscapeLeft UIInterfaceOrientationLandscapeRight";
				LD_RUNPATH_SEARCH_PATHS = (
					"$(inherited)",
					"@executable_path/Frameworks",
				);
				MARKETING_VERSION = 1.0;
				PRODUCT_BUNDLE_IDENTIFIER = MaximTvilinev.Maqal;
				PRODUCT_NAME = "$(TARGET_NAME)";
				SWIFT_EMIT_LOC_STRINGS = YES;
				SWIFT_VERSION = 5.0;
				TARGETED_DEVICE_FAMILY = "1,2";
			};
			name = Debug;
		};
		945D9148299CCE850054047A /* Release */ = {
			isa = XCBuildConfiguration;
			buildSettings = {
				ASSETCATALOG_COMPILER_APPICON_NAME = AppIcon;
				ASSETCATALOG_COMPILER_GLOBAL_ACCENT_COLOR_NAME = AccentColor;
				CODE_SIGN_STYLE = Automatic;
				CURRENT_PROJECT_VERSION = 1;
				GENERATE_INFOPLIST_FILE = YES;
				INFOPLIST_FILE = "Maqal/Support files/Info.plist";
				INFOPLIST_KEY_UIApplicationSupportsIndirectInputEvents = YES;
				INFOPLIST_KEY_UILaunchStoryboardName = LaunchScreen;
				INFOPLIST_KEY_UISupportedInterfaceOrientations_iPad = "UIInterfaceOrientationPortrait UIInterfaceOrientationPortraitUpsideDown UIInterfaceOrientationLandscapeLeft UIInterfaceOrientationLandscapeRight";
				INFOPLIST_KEY_UISupportedInterfaceOrientations_iPhone = "UIInterfaceOrientationPortrait UIInterfaceOrientationLandscapeLeft UIInterfaceOrientationLandscapeRight";
				LD_RUNPATH_SEARCH_PATHS = (
					"$(inherited)",
					"@executable_path/Frameworks",
				);
				MARKETING_VERSION = 1.0;
				PRODUCT_BUNDLE_IDENTIFIER = MaximTvilinev.Maqal;
				PRODUCT_NAME = "$(TARGET_NAME)";
				SWIFT_EMIT_LOC_STRINGS = YES;
				SWIFT_VERSION = 5.0;
				TARGETED_DEVICE_FAMILY = "1,2";
			};
			name = Release;
		};
		945D914A299CCE850054047A /* Debug */ = {
			isa = XCBuildConfiguration;
			buildSettings = {
				ALWAYS_EMBED_SWIFT_STANDARD_LIBRARIES = YES;
				BUNDLE_LOADER = "$(TEST_HOST)";
				CODE_SIGN_STYLE = Automatic;
				CURRENT_PROJECT_VERSION = 1;
				GENERATE_INFOPLIST_FILE = YES;
				IPHONEOS_DEPLOYMENT_TARGET = 16.2;
				MARKETING_VERSION = 1.0;
				PRODUCT_BUNDLE_IDENTIFIER = MaximTvilinev.MaqalTests;
				PRODUCT_NAME = "$(TARGET_NAME)";
				SWIFT_EMIT_LOC_STRINGS = NO;
				SWIFT_VERSION = 5.0;
				TARGETED_DEVICE_FAMILY = "1,2";
				TEST_HOST = "$(BUILT_PRODUCTS_DIR)/Maqal.app/$(BUNDLE_EXECUTABLE_FOLDER_PATH)/Maqal";
			};
			name = Debug;
		};
		945D914B299CCE850054047A /* Release */ = {
			isa = XCBuildConfiguration;
			buildSettings = {
				ALWAYS_EMBED_SWIFT_STANDARD_LIBRARIES = YES;
				BUNDLE_LOADER = "$(TEST_HOST)";
				CODE_SIGN_STYLE = Automatic;
				CURRENT_PROJECT_VERSION = 1;
				GENERATE_INFOPLIST_FILE = YES;
				IPHONEOS_DEPLOYMENT_TARGET = 16.2;
				MARKETING_VERSION = 1.0;
				PRODUCT_BUNDLE_IDENTIFIER = MaximTvilinev.MaqalTests;
				PRODUCT_NAME = "$(TARGET_NAME)";
				SWIFT_EMIT_LOC_STRINGS = NO;
				SWIFT_VERSION = 5.0;
				TARGETED_DEVICE_FAMILY = "1,2";
				TEST_HOST = "$(BUILT_PRODUCTS_DIR)/Maqal.app/$(BUNDLE_EXECUTABLE_FOLDER_PATH)/Maqal";
			};
			name = Release;
		};
		945D914D299CCE850054047A /* Debug */ = {
			isa = XCBuildConfiguration;
			buildSettings = {
				ALWAYS_EMBED_SWIFT_STANDARD_LIBRARIES = YES;
				CODE_SIGN_STYLE = Automatic;
				CURRENT_PROJECT_VERSION = 1;
				GENERATE_INFOPLIST_FILE = YES;
				MARKETING_VERSION = 1.0;
				PRODUCT_BUNDLE_IDENTIFIER = MaximTvilinev.MaqalUITests;
				PRODUCT_NAME = "$(TARGET_NAME)";
				SWIFT_EMIT_LOC_STRINGS = NO;
				SWIFT_VERSION = 5.0;
				TARGETED_DEVICE_FAMILY = "1,2";
				TEST_TARGET_NAME = Maqal;
			};
			name = Debug;
		};
		945D914E299CCE850054047A /* Release */ = {
			isa = XCBuildConfiguration;
			buildSettings = {
				ALWAYS_EMBED_SWIFT_STANDARD_LIBRARIES = YES;
				CODE_SIGN_STYLE = Automatic;
				CURRENT_PROJECT_VERSION = 1;
				GENERATE_INFOPLIST_FILE = YES;
				MARKETING_VERSION = 1.0;
				PRODUCT_BUNDLE_IDENTIFIER = MaximTvilinev.MaqalUITests;
				PRODUCT_NAME = "$(TARGET_NAME)";
				SWIFT_EMIT_LOC_STRINGS = NO;
				SWIFT_VERSION = 5.0;
				TARGETED_DEVICE_FAMILY = "1,2";
				TEST_TARGET_NAME = Maqal;
			};
			name = Release;
		};
/* End XCBuildConfiguration section */

/* Begin XCConfigurationList section */
		945D9117299CCE840054047A /* Build configuration list for PBXProject "Maqal" */ = {
			isa = XCConfigurationList;
			buildConfigurations = (
				945D9144299CCE850054047A /* Debug */,
				945D9145299CCE850054047A /* Release */,
			);
			defaultConfigurationIsVisible = 0;
			defaultConfigurationName = Release;
		};
		945D9146299CCE850054047A /* Build configuration list for PBXNativeTarget "Maqal" */ = {
			isa = XCConfigurationList;
			buildConfigurations = (
				945D9147299CCE850054047A /* Debug */,
				945D9148299CCE850054047A /* Release */,
			);
			defaultConfigurationIsVisible = 0;
			defaultConfigurationName = Release;
		};
		945D9149299CCE850054047A /* Build configuration list for PBXNativeTarget "MaqalTests" */ = {
			isa = XCConfigurationList;
			buildConfigurations = (
				945D914A299CCE850054047A /* Debug */,
				945D914B299CCE850054047A /* Release */,
			);
			defaultConfigurationIsVisible = 0;
			defaultConfigurationName = Release;
		};
		945D914C299CCE850054047A /* Build configuration list for PBXNativeTarget "MaqalUITests" */ = {
			isa = XCConfigurationList;
			buildConfigurations = (
				945D914D299CCE850054047A /* Debug */,
				945D914E299CCE850054047A /* Release */,
			);
			defaultConfigurationIsVisible = 0;
			defaultConfigurationName = Release;
		};
/* End XCConfigurationList section */

/* Begin XCRemoteSwiftPackageReference section */
		945D9154299CD49F0054047A /* XCRemoteSwiftPackageReference "SnapKit" */ = {
			isa = XCRemoteSwiftPackageReference;
			repositoryURL = "https://github.com/SnapKit/SnapKit.git";
			requirement = {
				branch = develop;
				kind = branch;
			};
		};
/* End XCRemoteSwiftPackageReference section */

/* Begin XCSwiftPackageProductDependency section */
		945D9155299CD49F0054047A /* SnapKit */ = {
			isa = XCSwiftPackageProductDependency;
			package = 945D9154299CD49F0054047A /* XCRemoteSwiftPackageReference "SnapKit" */;
			productName = SnapKit;
		};
/* End XCSwiftPackageProductDependency section */
	};
	rootObject = 945D9114299CCE840054047A /* Project object */;
}
